
Microsoft Visual Studio Solution File, Format Version 12.00
# Visual Studio 15
VisualStudioVersion = 15.0.27406.0
MinimumVisualStudioVersion = 10.0.40219.1
Project("{FAE04EC0-301F-11D3-BF4B-00C04F79EFBC}") = "PizzaShop", "PizzaShop\PizzaShop.csproj", "{8365B84A-F0BD-47C2-961B-130936FD1344}"
EndProject
Global
	GlobalSection(SolutionConfigurationPlatforms) = preSolution
		Debug|Any CPU = Debug|Any CPU
		Release|Any CPU = Release|Any CPU
	EndGlobalSection
	GlobalSection(ProjectConfigurationPlatforms) = postSolution
		{8365B84A-F0BD-47C2-961B-130936FD1344}.Debug|Any CPU.ActiveCfg = Debug|Any CPU
		{8365B84A-F0BD-47C2-961B-130936FD1344}.Debug|Any CPU.Build.0 = Debug|Any CPU
		{8365B84A-F0BD-47C2-961B-130936FD1344}.Release|Any CPU.ActiveCfg = Release|Any CPU
		{8365B84A-F0BD-47C2-961B-130936FD1344}.Release|Any CPU.Build.0 = Release|Any CPU
	EndGlobalSection
	GlobalSection(SolutionProperties) = preSolution
		HideSolutionNode = FALSE
	EndGlobalSection
	GlobalSection(ExtensibilityGlobals) = postSolution
		SolutionGuid = {D5316AFC-A214-401D-BF19-BE1B7029DA7D}
	EndGlobalSection
EndGlobal
