
Microsoft Visual Studio Solution File, Format Version 12.00
# Visual Studio 15
VisualStudioVersion = 15.0.27406.0
MinimumVisualStudioVersion = 10.0.40219.1
Project("{FAE04EC0-301F-11D3-BF4B-00C04F79EFBC}") = "BinaryTreeSet", "BinaryTreeSet\BinaryTreeSet.csproj", "{33800F6A-8BAB-4DB4-A909-50C019E26CF4}"
EndProject
Project("{FAE04EC0-301F-11D3-BF4B-00C04F79EFBC}") = "BinaryTreeSet.Tests", "BinaryTreeSet.Tests\BinaryTreeSet.Tests.csproj", "{F1E4E276-9335-4448-9B4C-606D1E392B4A}"
EndProject
Global
	GlobalSection(SolutionConfigurationPlatforms) = preSolution
		Debug|Any CPU = Debug|Any CPU
		Release|Any CPU = Release|Any CPU
	EndGlobalSection
	GlobalSection(ProjectConfigurationPlatforms) = postSolution
		{33800F6A-8BAB-4DB4-A909-50C019E26CF4}.Debug|Any CPU.ActiveCfg = Debug|Any CPU
		{33800F6A-8BAB-4DB4-A909-50C019E26CF4}.Debug|Any CPU.Build.0 = Debug|Any CPU
		{33800F6A-8BAB-4DB4-A909-50C019E26CF4}.Release|Any CPU.ActiveCfg = Release|Any CPU
		{33800F6A-8BAB-4DB4-A909-50C019E26CF4}.Release|Any CPU.Build.0 = Release|Any CPU
		{F1E4E276-9335-4448-9B4C-606D1E392B4A}.Debug|Any CPU.ActiveCfg = Debug|Any CPU
		{F1E4E276-9335-4448-9B4C-606D1E392B4A}.Debug|Any CPU.Build.0 = Debug|Any CPU
		{F1E4E276-9335-4448-9B4C-606D1E392B4A}.Release|Any CPU.ActiveCfg = Release|Any CPU
		{F1E4E276-9335-4448-9B4C-606D1E392B4A}.Release|Any CPU.Build.0 = Release|Any CPU
	EndGlobalSection
	GlobalSection(SolutionProperties) = preSolution
		HideSolutionNode = FALSE
	EndGlobalSection
	GlobalSection(ExtensibilityGlobals) = postSolution
		SolutionGuid = {57F585CF-0D7D-46BA-869D-98280700591C}
	EndGlobalSection
EndGlobal
