
Microsoft Visual Studio Solution File, Format Version 12.00
# Visual Studio 15
VisualStudioVersion = 15.0.27406.0
MinimumVisualStudioVersion = 10.0.40219.1
Project("{FAE04EC0-301F-11D3-BF4B-00C04F79EFBC}") = "ToDoList", "ToDoList\ToDoList.csproj", "{7A8A92CE-9970-49D9-82A0-65FF34A529F9}"
EndProject
Global
	GlobalSection(SolutionConfigurationPlatforms) = preSolution
		Debug|Any CPU = Debug|Any CPU
		Release|Any CPU = Release|Any CPU
	EndGlobalSection
	GlobalSection(ProjectConfigurationPlatforms) = postSolution
		{7A8A92CE-9970-49D9-82A0-65FF34A529F9}.Debug|Any CPU.ActiveCfg = Debug|Any CPU
		{7A8A92CE-9970-49D9-82A0-65FF34A529F9}.Debug|Any CPU.Build.0 = Debug|Any CPU
		{7A8A92CE-9970-49D9-82A0-65FF34A529F9}.Release|Any CPU.ActiveCfg = Release|Any CPU
		{7A8A92CE-9970-49D9-82A0-65FF34A529F9}.Release|Any CPU.Build.0 = Release|Any CPU
	EndGlobalSection
	GlobalSection(SolutionProperties) = preSolution
		HideSolutionNode = FALSE
	EndGlobalSection
	GlobalSection(ExtensibilityGlobals) = postSolution
		SolutionGuid = {988039EC-1802-4BBB-8C73-59E8E2864ED8}
	EndGlobalSection
EndGlobal
